PODS:
  - FlutterMacOS (1.0.0)
  - midi_selection (0.0.1):
    - FlutterMacOS

DEPENDENCIES:
  - FlutterMacOS (from `Flutter/ephemeral`)
  - midi_selection (from `Flutter/ephemeral/.symlinks/plugins/midi_selection/macos`)

EXTERNAL SOURCES:
  FlutterMacOS:
    :path: Flutter/ephemeral
  midi_selection:
    :path: Flutter/ephemeral/.symlinks/plugins/midi_selection/macos

SPEC CHECKSUMS:
  FlutterMacOS: 8f6f14fa908a6fb3fba0cd85dbd81ec4b251fb24
  midi_selection: ff8de63b0d66d18baa69de286ba80faa7f357ecc

PODFILE CHECKSUM: 236401fc2c932af29a9fcf0e97baeeb2d750d367

COCOAPODS: 1.12.1
